// !$*UTF8*$!
{
	archiveVersion = 1;
	classes = {
	};
	objectVersion = 50;
	objects = {

/* Begin PBXBuildFile section */
		24639462CE6826E3452589B5 /* Pods_ParkingApp.framework in Frameworks */ = {isa = PBXBuildFile; fileRef = 0B54401FF0F496EE6C4F1E55 /* Pods_ParkingApp.framework */; };
		4D1B4A3225BA4470005CABE8 /* AppDelegate.swift in Sources */ = {isa = PBXBuildFile; fileRef = 4D1B4A3125BA4470005CABE8 /* AppDelegate.swift */; };
		4D1B4A3425BA4470005CABE8 /* SceneDelegate.swift in Sources */ = {isa = PBXBuildFile; fileRef = 4D1B4A3325BA4470005CABE8 /* SceneDelegate.swift */; };
		4D1B4A3625BA4470005CABE8 /* ContentView.swift in Sources */ = {isa = PBXBuildFile; fileRef = 4D1B4A3525BA4470005CABE8 /* ContentView.swift */; };
		4D1B4A3925BA4470005CABE8 /* ParkingApp.xcdatamodeld in Sources */ = {isa = PBXBuildFile; fileRef = 4D1B4A3725BA4470005CABE8 /* ParkingApp.xcdatamodeld */; };
		4D1B4A3B25BA4471005CABE8 /* Assets.xcassets in Resources */ = {isa = PBXBuildFile; fileRef = 4D1B4A3A25BA4471005CABE8 /* Assets.xcassets */; };
		4D1B4A3E25BA4471005CABE8 /* Preview Assets.xcassets in Resources */ = {isa = PBXBuildFile; fileRef = 4D1B4A3D25BA4471005CABE8 /* Preview Assets.xcassets */; };
		4D1B4A4125BA4471005CABE8 /* LaunchScreen.storyboard in Resources */ = {isa = PBXBuildFile; fileRef = 4D1B4A3F25BA4471005CABE8 /* LaunchScreen.storyboard */; };
/* End PBXBuildFile section */

/* Begin PBXFileReference section */
		0B54401FF0F496EE6C4F1E55 /* Pods_ParkingApp.framework */ = {isa = PBXFileReference; explicitFileType = wrapper.framework; includeInIndex = 0; path = Pods_ParkingApp.framework; sourceTree = BUILT_PRODUCTS_DIR; };
		209E6C766AFE87FD98EC5136 /* Pods-ParkingApp.release.xcconfig */ = {isa = PBXFileReference; includeInIndex = 1; lastKnownFileType = text.xcconfig; name = "Pods-ParkingApp.release.xcconfig"; path = "Target Support Files/Pods-ParkingApp/Pods-ParkingApp.release.xcconfig"; sourceTree = "<group>"; };
		4D1B4A2E25BA4470005CABE8 /* ParkingApp.app */ = {isa = PBXFileReference; explicitFileType = wrapper.application; includeInIndex = 0; path = ParkingApp.app; sourceTree = BUILT_PRODUCTS_DIR; };
		4D1B4A3125BA4470005CABE8 /* AppDelegate.swift */ = {isa = PBXFileReference; lastKnownFileType = sourcecode.swift; path = AppDelegate.swift; sourceTree = "<group>"; };
		4D1B4A3325BA4470005CABE8 /* SceneDelegate.swift */ = {isa = PBXFileReference; lastKnownFileType = sourcecode.swift; path = SceneDelegate.swift; sourceTree = "<group>"; };
		4D1B4A3525BA4470005CABE8 /* ContentView.swift */ = {isa = PBXFileReference; lastKnownFileType = sourcecode.swift; path = ContentView.swift; sourceTree = "<group>"; };
		4D1B4A3825BA4470005CABE8 /* ParkingApp.xcdatamodel */ = {isa = PBXFileReference; lastKnownFileType = wrapper.xcdatamodel; path = ParkingApp.xcdatamodel; sourceTree = "<group>"; };
		4D1B4A3A25BA4471005CABE8 /* Assets.xcassets */ = {isa = PBXFileReference; lastKnownFileType = folder.assetcatalog; path = Assets.xcassets; sourceTree = "<group>"; };
		4D1B4A3D25BA4471005CABE8 /* Preview Assets.xcassets */ = {isa = PBXFileReference; lastKnownFileType = folder.assetcatalog; path = "Preview Assets.xcassets"; sourceTree = "<group>"; };
		4D1B4A4025BA4471005CABE8 /* Base */ = {isa = PBXFileReference; lastKnownFileType = file.storyboard; name = Base; path = Base.lproj/LaunchScreen.storyboard; sourceTree = "<group>"; };
		4D1B4A4225BA4471005CABE8 /* Info.plist */ = {isa = PBXFileReference; lastKnownFileType = text.plist.xml; path = Info.plist; sourceTree = "<group>"; };
		8731386761538EFF7A5DE87A /* Pods-ParkingApp.debug.xcconfig */ = {isa = PBXFileReference; includeInIndex = 1; lastKnownFileType = text.xcconfig; name = "Pods-ParkingApp.debug.xcconfig"; path = "Target Support Files/Pods-ParkingApp/Pods-ParkingApp.debug.xcconfig"; sourceTree = "<group>"; };
/* End PBXFileReference section */

/* Begin PBXFrameworksBuildPhase section */
		4D1B4A2B25BA4470005CABE8 /* Frameworks */ = {
			isa = PBXFrameworksBuildPhase;
			buildActionMask = 2147483647;
			files = (
				24639462CE6826E3452589B5 /* Pods_ParkingApp.framework in Frameworks */,
			);
			runOnlyForDeploymentPostprocessing = 0;
		};
/* End PBXFrameworksBuildPhase section */

/* Begin PBXGroup section */
		1EAED5A03E9B8A65E8C4EBF1 /* Frameworks */ = {
			isa = PBXGroup;
			children = (
				0B54401FF0F496EE6C4F1E55 /* Pods_ParkingApp.framework */,
			);
			name = Frameworks;
			sourceTree = "<group>";
		};
		4D1B4A2525BA4470005CABE8 = {
			isa = PBXGroup;
			children = (
				4D1B4A3025BA4470005CABE8 /* ParkingApp */,
				4D1B4A2F25BA4470005CABE8 /* Products */,
				E987F8B5909EE75B0896E45F /* Pods */,
				1EAED5A03E9B8A65E8C4EBF1 /* Frameworks */,
			);
			sourceTree = "<group>";
		};
		4D1B4A2F25BA4470005CABE8 /* Products */ = {
			isa = PBXGroup;
			children = (
				4D1B4A2E25BA4470005CABE8 /* ParkingApp.app */,
			);
			name = Products;
			sourceTree = "<group>";
		};
		4D1B4A3025BA4470005CABE8 /* ParkingApp */ = {
			isa = PBXGroup;
			children = (
				4D1B4A4B25BA46F3005CABE8 /* modals */,
				4D1B4A4A25BA46EC005CABE8 /* controllers */,
				4D1B4A4925BA46E5005CABE8 /* views */,
				4D1B4A3125BA4470005CABE8 /* AppDelegate.swift */,
				4D1B4A3325BA4470005CABE8 /* SceneDelegate.swift */,
				4D1B4A3525BA4470005CABE8 /* ContentView.swift */,
				4D1B4A3A25BA4471005CABE8 /* Assets.xcassets */,
				4D1B4A3F25BA4471005CABE8 /* LaunchScreen.storyboard */,
				4D1B4A4225BA4471005CABE8 /* Info.plist */,
				4D1B4A3725BA4470005CABE8 /* ParkingApp.xcdatamodeld */,
				4D1B4A3C25BA4471005CABE8 /* Preview Content */,
			);
			path = ParkingApp;
			sourceTree = "<group>";
		};
		4D1B4A3C25BA4471005CABE8 /* Preview Content */ = {
			isa = PBXGroup;
			children = (
				4D1B4A3D25BA4471005CABE8 /* Preview Assets.xcassets */,
			);
			path = "Preview Content";
			sourceTree = "<group>";
		};
		4D1B4A4925BA46E5005CABE8 /* views */ = {
			isa = PBXGroup;
			children = (
			);
			path = views;
			sourceTree = "<group>";
		};
		4D1B4A4A25BA46EC005CABE8 /* controllers */ = {
			isa = PBXGroup;
			children = (
			);
			path = controllers;
			sourceTree = "<group>";
		};
		4D1B4A4B25BA46F3005CABE8 /* modals */ = {
			isa = PBXGroup;
			children = (
			);
			path = modals;
			sourceTree = "<group>";
		};
		E987F8B5909EE75B0896E45F /* Pods */ = {
			isa = PBXGroup;
			children = (
				8731386761538EFF7A5DE87A /* Pods-ParkingApp.debug.xcconfig */,
				209E6C766AFE87FD98EC5136 /* Pods-ParkingApp.release.xcconfig */,
			);
			name = Pods;
			path = Pods;
			sourceTree = "<group>";
		};
/* End PBXGroup section */

/* Begin PBXNativeTarget section */
		4D1B4A2D25BA4470005CABE8 /* ParkingApp */ = {
			isa = PBXNativeTarget;
			buildConfigurationList = 4D1B4A4525BA4471005CABE8 /* Build configuration list for PBXNativeTarget "ParkingApp" */;
			buildPhases = (
				0831EEBB0A74716A9FDB8675 /* [CP] Check Pods Manifest.lock */,
				4D1B4A2A25BA4470005CABE8 /* Sources */,
				4D1B4A2B25BA4470005CABE8 /* Frameworks */,
				4D1B4A2C25BA4470005CABE8 /* Resources */,
				0DA8E2B2CD5B7013C033D486 /* [CP] Embed Pods Frameworks */,
			);
			buildRules = (
			);
			dependencies = (
			);
			name = ParkingApp;
			productName = ParkingApp;
			productReference = 4D1B4A2E25BA4470005CABE8 /* ParkingApp.app */;
			productType = "com.apple.product-type.application";
		};
/* End PBXNativeTarget section */

/* Begin PBXProject section */
		4D1B4A2625BA4470005CABE8 /* Project object */ = {
			isa = PBXProject;
			attributes = {
				LastSwiftUpdateCheck = 1210;
				LastUpgradeCheck = 1210;
				TargetAttributes = {
					4D1B4A2D25BA4470005CABE8 = {
						CreatedOnToolsVersion = 12.1;
					};
				};
			};
			buildConfigurationList = 4D1B4A2925BA4470005CABE8 /* Build configuration list for PBXProject "ParkingApp" */;
			compatibilityVersion = "Xcode 9.3";
			developmentRegion = en;
			hasScannedForEncodings = 0;
			knownRegions = (
				en,
				Base,
			);
			mainGroup = 4D1B4A2525BA4470005CABE8;
			productRefGroup = 4D1B4A2F25BA4470005CABE8 /* Products */;
			projectDirPath = "";
			projectRoot = "";
			targets = (
				4D1B4A2D25BA4470005CABE8 /* ParkingApp */,
			);
		};
/* End PBXProject section */

/* Begin PBXResourcesBuildPhase section */
		4D1B4A2C25BA4470005CABE8 /* Resources */ = {
			isa = PBXResourcesBuildPhase;
			buildActionMask = 2147483647;
			files = (
				4D1B4A4125BA4471005CABE8 /* LaunchScreen.storyboard in Resources */,
				4D1B4A3E25BA4471005CABE8 /* Preview Assets.xcassets in Resources */,
				4D1B4A3B25BA4471005CABE8 /* Assets.xcassets in Resources */,
			);
			runOnlyForDeploymentPostprocessing = 0;
		};
/* End PBXResourcesBuildPhase section */

/* Begin PBXShellScriptBuildPhase section */
		0831EEBB0A74716A9FDB8675 /* [CP] Check Pods Manifest.lock */ = {
			isa = PBXShellScriptBuildPhase;
			buildActionMask = 2147483647;
			files = (
			);
			inputFileListPaths = (
			);
			inputPaths = (
				"${PODS_PODFILE_DIR_PATH}/Podfile.lock",
				"${PODS_ROOT}/Manifest.lock",
			);
			name = "[CP] Check Pods Manifest.lock";
			outputFileListPaths = (
			);
			outputPaths = (
				"$(DERIVED_FILE_DIR)/Pods-ParkingApp-checkManifestLockResult.txt",
			);
			runOnlyForDeploymentPostprocessing = 0;
			shellPath = /bin/sh;
			shellScript = "diff \"${PODS_PODFILE_DIR_PATH}/Podfile.lock\" \"${PODS_ROOT}/Manifest.lock\" > /dev/null\nif [ $? != 0 ] ; then\n    # print error to STDERR\n    echo \"error: The sandbox is not in sync with the Podfile.lock. Run 'pod install' or update your CocoaPods installation.\" >&2\n    exit 1\nfi\n# This output is used by Xcode 'outputs' to avoid re-running this script phase.\necho \"SUCCESS\" > \"${SCRIPT_OUTPUT_FILE_0}\"\n";
			showEnvVarsInLog = 0;
		};
		0DA8E2B2CD5B7013C033D486 /* [CP] Embed Pods Frameworks */ = {
			isa = PBXShellScriptBuildPhase;
			buildActionMask = 2147483647;
			files = (
			);
			inputFileListPaths = (
				"${PODS_ROOT}/Target Support Files/Pods-ParkingApp/Pods-ParkingApp-frameworks-${CONFIGURATION}-input-files.xcfilelist",
			);
			name = "[CP] Embed Pods Frameworks";
			outputFileListPaths = (
				"${PODS_ROOT}/Target Support Files/Pods-ParkingApp/Pods-ParkingApp-frameworks-${CONFIGURATION}-output-files.xcfilelist",
			);
			runOnlyForDeploymentPostprocessing = 0;
			shellPath = /bin/sh;
			shellScript = "\"${PODS_ROOT}/Target Support Files/Pods-ParkingApp/Pods-ParkingApp-frameworks.sh\"\n";
			showEnvVarsInLog = 0;
		};
/* End PBXShellScriptBuildPhase section */

/* Begin PBXSourcesBuildPhase section */
		4D1B4A2A25BA4470005CABE8 /* Sources */ = {
			isa = PBXSourcesBuildPhase;
			buildActionMask = 2147483647;
			files = (
				4D1B4A3925BA4470005CABE8 /* ParkingApp.xcdatamodeld in Sources */,
				4D1B4A3225BA4470005CABE8 /* AppDelegate.swift in Sources */,
				4D1B4A3425BA4470005CABE8 /* SceneDelegate.swift in Sources */,
				4D1B4A3625BA4470005CABE8 /* ContentView.swift in Sources */,
			);
			runOnlyForDeploymentPostprocessing = 0;
		};
/* End PBXSourcesBuildPhase section */

/* Begin PBXVariantGroup section */
		4D1B4A3F25BA4471005CABE8 /* LaunchScreen.storyboard */ = {
			isa = PBXVariantGroup;
			children = (
				4D1B4A4025BA4471005CABE8 /* Base */,
			);
			name = LaunchScreen.storyboard;
			sourceTree = "<group>";
		};
/* End PBXVariantGroup section */

/* Begin XCBuildConfiguration section */
		4D1B4A4325BA4471005CABE8 /* Debug */ = {
			isa = XCBuildConfiguration;
			buildSettings = {
				ALWAYS_SEARCH_USER_PATHS = NO;
				CLANG_ANALYZER_NONNULL = YES;
				CLANG_ANALYZER_NUMBER_OBJECT_CONVERSION = YES_AGGRESSIVE;
				CLANG_CXX_LANGUAGE_STANDARD = "gnu++14";
				CLANG_CXX_LIBRARY = "libc++";
				CLANG_ENABLE_MODULES = YES;
				CLANG_ENABLE_OBJC_ARC = YES;
				CLANG_ENABLE_OBJC_WEAK = YES;
				CLANG_WARN_BLOCK_CAPTURE_AUTORELEASING = YES;
				CLANG_WARN_BOOL_CONVERSION = YES;
				CLANG_WARN_COMMA = YES;
				CLANG_WARN_CONSTANT_CONVERSION = YES;
				CLANG_WARN_DEPRECATED_OBJC_IMPLEMENTATIONS = YES;
				CLANG_WARN_DIRECT_OBJC_ISA_USAGE = YES_ERROR;
				CLANG_WARN_DOCUMENTATION_COMMENTS = YES;
				CLANG_WARN_EMPTY_BODY = YES;
				CLANG_WARN_ENUM_CONVERSION = YES;
				CLANG_WARN_INFINITE_RECURSION = YES;
				CLANG_WARN_INT_CONVERSION = YES;
				CLANG_WARN_NON_LITERAL_NULL_CONVERSION = YES;
				CLANG_WARN_OBJC_IMPLICIT_RETAIN_SELF = YES;
				CLANG_WARN_OBJC_LITERAL_CONVERSION = YES;
				CLANG_WARN_OBJC_ROOT_CLASS = YES_ERROR;
				CLANG_WARN_QUOTED_INCLUDE_IN_FRAMEWORK_HEADER = YES;
				CLANG_WARN_RANGE_LOOP_ANALYSIS = YES;
				CLANG_WARN_STRICT_PROTOTYPES = YES;
				CLANG_WARN_SUSPICIOUS_MOVE = YES;
				CLANG_WARN_UNGUARDED_AVAILABILITY = YES_AGGRESSIVE;
				CLANG_WARN_UNREACHABLE_CODE = YES;
				CLANG_WARN__DUPLICATE_METHOD_MATCH = YES;
				COPY_PHASE_STRIP = NO;
				DEBUG_INFORMATION_FORMAT = dwarf;
				ENABLE_STRICT_OBJC_MSGSEND = YES;
				ENABLE_TESTABILITY = YES;
				GCC_C_LANGUAGE_STANDARD = gnu11;
				GCC_DYNAMIC_NO_PIC = NO;
				GCC_NO_COMMON_BLOCKS = YES;
				GCC_OPTIMIZATION_LEVEL = 0;
				GCC_PREPROCESSOR_DEFINITIONS = (
					"DEBUG=1",
					"$(inherited)",
				);
				GCC_WARN_64_TO_32_BIT_CONVERSION = YES;
				GCC_WARN_ABOUT_RETURN_TYPE = YES_ERROR;
				GCC_WARN_UNDECLARED_SELECTOR = YES;
				GCC_WARN_UNINITIALIZED_AUTOS = YES_AGGRESSIVE;
				GCC_WARN_UNUSED_FUNCTION = YES;
				GCC_WARN_UNUSED_VARIABLE = YES;
				IPHONEOS_DEPLOYMENT_TARGET = 14.1;
				MTL_ENABLE_DEBUG_INFO = INCLUDE_SOURCE;
				MTL_FAST_MATH = YES;
				ONLY_ACTIVE_ARCH = YES;
				SDKROOT = iphoneos;
				SWIFT_ACTIVE_COMPILATION_CONDITIONS = DEBUG;
				SWIFT_OPTIMIZATION_LEVEL = "-Onone";
			};
			name = Debug;
		};
		4D1B4A4425BA4471005CABE8 /* Release */ = {
			isa = XCBuildConfiguration;
			buildSettings = {
				ALWAYS_SEARCH_USER_PATHS = NO;
				CLANG_ANALYZER_NONNULL = YES;
				CLANG_ANALYZER_NUMBER_OBJECT_CONVERSION = YES_AGGRESSIVE;
				CLANG_CXX_LANGUAGE_STANDARD = "gnu++14";
				CLANG_CXX_LIBRARY = "libc++";
				CLANG_ENABLE_MODULES = YES;
				CLANG_ENABLE_OBJC_ARC = YES;
				CLANG_ENABLE_OBJC_WEAK = YES;
				CLANG_WARN_BLOCK_CAPTURE_AUTORELEASING = YES;
				CLANG_WARN_BOOL_CONVERSION = YES;
				CLANG_WARN_COMMA = YES;
				CLANG_WARN_CONSTANT_CONVERSION = YES;
				CLANG_WARN_DEPRECATED_OBJC_IMPLEMENTATIONS = YES;
				CLANG_WARN_DIRECT_OBJC_ISA_USAGE = YES_ERROR;
				CLANG_WARN_DOCUMENTATION_COMMENTS = YES;
				CLANG_WARN_EMPTY_BODY = YES;
				CLANG_WARN_ENUM_CONVERSION = YES;
				CLANG_WARN_INFINITE_RECURSION = YES;
				CLANG_WARN_INT_CONVERSION = YES;
				CLANG_WARN_NON_LITERAL_NULL_CONVERSION = YES;
				CLANG_WARN_OBJC_IMPLICIT_RETAIN_SELF = YES;
				CLANG_WARN_OBJC_LITERAL_CONVERSION = YES;
				CLANG_WARN_OBJC_ROOT_CLASS = YES_ERROR;
				CLANG_WARN_QUOTED_INCLUDE_IN_FRAMEWORK_HEADER = YES;
				CLANG_WARN_RANGE_LOOP_ANALYSIS = YES;
				CLANG_WARN_STRICT_PROTOTYPES = YES;
				CLANG_WARN_SUSPICIOUS_MOVE = YES;
				CLANG_WARN_UNGUARDED_AVAILABILITY = YES_AGGRESSIVE;
				CLANG_WARN_UNREACHABLE_CODE = YES;
				CLANG_WARN__DUPLICATE_METHOD_MATCH = YES;
				COPY_PHASE_STRIP = NO;
				DEBUG_INFORMATION_FORMAT = "dwarf-with-dsym";
				ENABLE_NS_ASSERTIONS = NO;
				ENABLE_STRICT_OBJC_MSGSEND = YES;
				GCC_C_LANGUAGE_STANDARD = gnu11;
				GCC_NO_COMMON_BLOCKS = YES;
				GCC_WARN_64_TO_32_BIT_CONVERSION = YES;
				GCC_WARN_ABOUT_RETURN_TYPE = YES_ERROR;
				GCC_WARN_UNDECLARED_SELECTOR = YES;
				GCC_WARN_UNINITIALIZED_AUTOS = YES_AGGRESSIVE;
				GCC_WARN_UNUSED_FUNCTION = YES;
				GCC_WARN_UNUSED_VARIABLE = YES;
				IPHONEOS_DEPLOYMENT_TARGET = 14.1;
				MTL_ENABLE_DEBUG_INFO = NO;
				MTL_FAST_MATH = YES;
				SDKROOT = iphoneos;
				SWIFT_COMPILATION_MODE = wholemodule;
				SWIFT_OPTIMIZATION_LEVEL = "-O";
				VALIDATE_PRODUCT = YES;
			};
			name = Release;
		};
		4D1B4A4625BA4471005CABE8 /* Debug */ = {
			isa = XCBuildConfiguration;
			baseConfigurationReference = 8731386761538EFF7A5DE87A /* Pods-ParkingApp.debug.xcconfig */;
			buildSettings = {
				ASSETCATALOG_COMPILER_APPICON_NAME = AppIcon;
				ASSETCATALOG_COMPILER_GLOBAL_ACCENT_COLOR_NAME = AccentColor;
				CODE_SIGN_STYLE = Automatic;
				DEVELOPMENT_ASSET_PATHS = "\"ParkingApp/Preview Content\"";
				ENABLE_PREVIEWS = YES;
				INFOPLIST_FILE = ParkingApp/Info.plist;
				LD_RUNPATH_SEARCH_PATHS = (
					"$(inherited)",
					"@executable_path/Frameworks",
				);
				PRODUCT_BUNDLE_IDENTIFIER = Shailesh.ParkingApp;
				PRODUCT_NAME = "$(TARGET_NAME)";
				SWIFT_VERSION = 5.0;
				TARGETED_DEVICE_FAMILY = "1,2";
			};
			name = Debug;
		};
		4D1B4A4725BA4471005CABE8 /* Release */ = {
			isa = XCBuildConfiguration;
			baseConfigurationReference = 209E6C766AFE87FD98EC5136 /* Pods-ParkingApp.release.xcconfig */;
			buildSettings = {
				ASSETCATALOG_COMPILER_APPICON_NAME = AppIcon;
				ASSETCATALOG_COMPILER_GLOBAL_ACCENT_COLOR_NAME = AccentColor;
				CODE_SIGN_STYLE = Automatic;
				DEVELOPMENT_ASSET_PATHS = "\"ParkingApp/Preview Content\"";
				ENABLE_PREVIEWS = YES;
				INFOPLIST_FILE = ParkingApp/Info.plist;
				LD_RUNPATH_SEARCH_PATHS = (
					"$(inherited)",
					"@executable_path/Frameworks",
				);
				PRODUCT_BUNDLE_IDENTIFIER = Shailesh.ParkingApp;
				PRODUCT_NAME = "$(TARGET_NAME)";
				SWIFT_VERSION = 5.0;
				TARGETED_DEVICE_FAMILY = "1,2";
			};
			name = Release;
		};
/* End XCBuildConfiguration section */

/* Begin XCConfigurationList section */
		4D1B4A2925BA4470005CABE8 /* Build configuration list for PBXProject "ParkingApp" */ = {
			isa = XCConfigurationList;
			buildConfigurations = (
				4D1B4A4325BA4471005CABE8 /* Debug */,
				4D1B4A4425BA4471005CABE8 /* Release */,
			);
			defaultConfigurationIsVisible = 0;
			defaultConfigurationName = Release;
		};
		4D1B4A4525BA4471005CABE8 /* Build configuration list for PBXNativeTarget "ParkingApp" */ = {
			isa = XCConfigurationList;
			buildConfigurations = (
				4D1B4A4625BA4471005CABE8 /* Debug */,
				4D1B4A4725BA4471005CABE8 /* Release */,
			);
			defaultConfigurationIsVisible = 0;
			defaultConfigurationName = Release;
		};
/* End XCConfigurationList section */

/* Begin XCVersionGroup section */
		4D1B4A3725BA4470005CABE8 /* ParkingApp.xcdatamodeld */ = {
			isa = XCVersionGroup;
			children = (
				4D1B4A3825BA4470005CABE8 /* ParkingApp.xcdatamodel */,
			);
			currentVersion = 4D1B4A3825BA4470005CABE8 /* ParkingApp.xcdatamodel */;
			path = ParkingApp.xcdatamodeld;
			sourceTree = "<group>";
			versionGroupType = wrapper.xcdatamodel;
		};
/* End XCVersionGroup section */
	};
	rootObject = 4D1B4A2625BA4470005CABE8 /* Project object */;
}
